
Microsoft Visual Studio Solution File, Format Version 12.00
# Visual Studio Version 16
VisualStudioVersion = 16.0.31702.278
MinimumVisualStudioVersion = 10.0.40219.1
Project("{FAE04EC0-301F-11D3-BF4B-00C04F79EFBC}") = "AstroFlare.Compiler", "AstroFlare.Compiler\AstroFlare.Compiler.csproj", "{43F7084D-1540-47F5-98DE-BC95B30AFE18}"
EndProject
Project("{FAE04EC0-301F-11D3-BF4B-00C04F79EFBC}") = "AstroFlare.Generator", "AstroFlare.Generator\AstroFlare.Generator.csproj", "{8A1B10E6-4341-4C55-B09D-60B6465CCEEE}"
EndProject
Global
	GlobalSection(SolutionConfigurationPlatforms) = preSolution
		Debug|Any CPU = Debug|Any CPU
		Release|Any CPU = Release|Any CPU
	EndGlobalSection
	GlobalSection(ProjectConfigurationPlatforms) = postSolution
		{43F7084D-1540-47F5-98DE-BC95B30AFE18}.Debug|Any CPU.ActiveCfg = Debug|Any CPU
		{43F7084D-1540-47F5-98DE-BC95B30AFE18}.Debug|Any CPU.Build.0 = Debug|Any CPU
		{43F7084D-1540-47F5-98DE-BC95B30AFE18}.Release|Any CPU.ActiveCfg = Release|Any CPU
		{43F7084D-1540-47F5-98DE-BC95B30AFE18}.Release|Any CPU.Build.0 = Release|Any CPU
		{8A1B10E6-4341-4C55-B09D-60B6465CCEEE}.Debug|Any CPU.ActiveCfg = Debug|Any CPU
		{8A1B10E6-4341-4C55-B09D-60B6465CCEEE}.Debug|Any CPU.Build.0 = Debug|Any CPU
		{8A1B10E6-4341-4C55-B09D-60B6465CCEEE}.Release|Any CPU.ActiveCfg = Release|Any CPU
		{8A1B10E6-4341-4C55-B09D-60B6465CCEEE}.Release|Any CPU.Build.0 = Release|Any CPU
	EndGlobalSection
	GlobalSection(SolutionProperties) = preSolution
		HideSolutionNode = FALSE
	EndGlobalSection
	GlobalSection(ExtensibilityGlobals) = postSolution
		SolutionGuid = {06D93D8E-D54A-45A8-914A-9F7E6647DC55}
	EndGlobalSection
EndGlobal
