
Microsoft Visual Studio Solution File, Format Version 12.00
# Visual Studio Version 16
VisualStudioVersion = 16.0.31702.278
MinimumVisualStudioVersion = 10.0.40219.1
Project("{9A19103F-16F7-4668-BE54-9A1E7A4F7556}") = "AstroFlare.Compiler", "AstroFlare.Compiler\AstroFlare.Compiler.csproj", "{43F7084D-1540-47F5-98DE-BC95B30AFE18}"
EndProject
Project("{9A19103F-16F7-4668-BE54-9A1E7A4F7556}") = "AstroFlare.ConsoleSDK", "AstroFlare.ConsoleSDK\AstroFlare.ConsoleSDK.csproj", "{14C82BDE-2758-4CA0-97F3-B0225E08BEEC}"
EndProject
Project("{9A19103F-16F7-4668-BE54-9A1E7A4F7556}") = "AstroFlare.UISDK", "AstroFlare.UISDK\AstroFlare.UISDK.csproj", "{DBE7812D-F30C-46C1-98F7-C2E0CB9113F9}"
EndProject
Project("{9A19103F-16F7-4668-BE54-9A1E7A4F7556}") = "AstroFlare.WebGenerator", "AstroFlare.WebGenerator\AstroFlare.WebGenerator.csproj", "{D3992191-4AD9-4AB0-9AA4-BBFAE6935D9A}"
EndProject
Project("{FAE04EC0-301F-11D3-BF4B-00C04F79EFBC}") = "AstroFlare", "AstroFlare\AstroFlare.csproj", "{9007073E-52BE-4DE4-8D48-9D26A4E6562F}"
EndProject
Global
	GlobalSection(SolutionConfigurationPlatforms) = preSolution
		Debug|Any CPU = Debug|Any CPU
		Release|Any CPU = Release|Any CPU
	EndGlobalSection
	GlobalSection(ProjectConfigurationPlatforms) = postSolution
		{43F7084D-1540-47F5-98DE-BC95B30AFE18}.Debug|Any CPU.ActiveCfg = Debug|Any CPU
		{43F7084D-1540-47F5-98DE-BC95B30AFE18}.Debug|Any CPU.Build.0 = Debug|Any CPU
		{43F7084D-1540-47F5-98DE-BC95B30AFE18}.Release|Any CPU.ActiveCfg = Release|Any CPU
		{43F7084D-1540-47F5-98DE-BC95B30AFE18}.Release|Any CPU.Build.0 = Release|Any CPU
		{14C82BDE-2758-4CA0-97F3-B0225E08BEEC}.Debug|Any CPU.ActiveCfg = Debug|Any CPU
		{14C82BDE-2758-4CA0-97F3-B0225E08BEEC}.Debug|Any CPU.Build.0 = Debug|Any CPU
		{14C82BDE-2758-4CA0-97F3-B0225E08BEEC}.Release|Any CPU.ActiveCfg = Release|Any CPU
		{14C82BDE-2758-4CA0-97F3-B0225E08BEEC}.Release|Any CPU.Build.0 = Release|Any CPU
		{DBE7812D-F30C-46C1-98F7-C2E0CB9113F9}.Debug|Any CPU.ActiveCfg = Debug|Any CPU
		{DBE7812D-F30C-46C1-98F7-C2E0CB9113F9}.Debug|Any CPU.Build.0 = Debug|Any CPU
		{DBE7812D-F30C-46C1-98F7-C2E0CB9113F9}.Release|Any CPU.ActiveCfg = Release|Any CPU
		{DBE7812D-F30C-46C1-98F7-C2E0CB9113F9}.Release|Any CPU.Build.0 = Release|Any CPU
		{D3992191-4AD9-4AB0-9AA4-BBFAE6935D9A}.Debug|Any CPU.ActiveCfg = Debug|Any CPU
		{D3992191-4AD9-4AB0-9AA4-BBFAE6935D9A}.Debug|Any CPU.Build.0 = Debug|Any CPU
		{D3992191-4AD9-4AB0-9AA4-BBFAE6935D9A}.Release|Any CPU.ActiveCfg = Release|Any CPU
		{D3992191-4AD9-4AB0-9AA4-BBFAE6935D9A}.Release|Any CPU.Build.0 = Release|Any CPU
		{9007073E-52BE-4DE4-8D48-9D26A4E6562F}.Debug|Any CPU.ActiveCfg = Debug|Any CPU
		{9007073E-52BE-4DE4-8D48-9D26A4E6562F}.Debug|Any CPU.Build.0 = Debug|Any CPU
		{9007073E-52BE-4DE4-8D48-9D26A4E6562F}.Release|Any CPU.ActiveCfg = Release|Any CPU
		{9007073E-52BE-4DE4-8D48-9D26A4E6562F}.Release|Any CPU.Build.0 = Release|Any CPU
	EndGlobalSection
	GlobalSection(SolutionProperties) = preSolution
		HideSolutionNode = FALSE
	EndGlobalSection
	GlobalSection(ExtensibilityGlobals) = postSolution
		SolutionGuid = {06D93D8E-D54A-45A8-914A-9F7E6647DC55}
	EndGlobalSection
EndGlobal
