
Microsoft Visual Studio Solution File, Format Version 12.00
# Visual Studio Version 17
VisualStudioVersion = 17.0.31912.275
MinimumVisualStudioVersion = 10.0.40219.1
Project("{9A19103F-16F7-4668-BE54-9A1E7A4F7556}") = "AstroFlare", "AstroFlare\AstroFlare.csproj", "{5C95AB78-76F2-4DDB-AEAB-E34B1826AEE5}"
EndProject
Project("{FAE04EC0-301F-11D3-BF4B-00C04F79EFBC}") = "AstroFlare.Imports", "AstroFlare.Imports\AstroFlare.Imports.csproj", "{86EA2C70-63C1-49C9-A313-55024933D7C3}"
EndProject
Project("{FAE04EC0-301F-11D3-BF4B-00C04F79EFBC}") = "AstroFlare.Expressions", "AstroFlare.Expressions\AstroFlare.Expressions.csproj", "{AD816A9E-90D6-49D4-942B-9B487C4B9422}"
EndProject
Project("{FAE04EC0-301F-11D3-BF4B-00C04F79EFBC}") = "AstroFlare.Tokens", "AstroFlare.Tokens\AstroFlare.Tokens.csproj", "{B25EA776-5A4C-4173-B2EA-D047AA90170C}"
EndProject
Project("{FAE04EC0-301F-11D3-BF4B-00C04F79EFBC}") = "AstroFlare.Diagnostics", "AstroFlare.Diagnostics\AstroFlare.Diagnostics.csproj", "{1C220A18-5ADE-4C42-A318-261F58D156CB}"
EndProject
Project("{FAE04EC0-301F-11D3-BF4B-00C04F79EFBC}") = "AstroFlare.Emitter", "AstroFlare.Emitter\AstroFlare.Emitter.csproj", "{87CC9E15-7A69-4E06-A0DA-BCB398DBAFE5}"
EndProject
Project("{FAE04EC0-301F-11D3-BF4B-00C04F79EFBC}") = "AstroFlare.Imports.WebGenerator", "AstroFlare.Imports.WebGenerator\AstroFlare.Imports.WebGenerator.csproj", "{2216AC39-ADF0-4224-A020-A27703B04077}"
EndProject
Project("{FAE04EC0-301F-11D3-BF4B-00C04F79EFBC}") = "AstroFlare.Packages.API", "AstroFlare.Packages.API\AstroFlare.Packages.API.csproj", "{99B8E08D-3940-40B4-8325-C1D8FE8F79EE}"
EndProject
Project("{FAE04EC0-301F-11D3-BF4B-00C04F79EFBC}") = "AstroFlare.Packages", "AstroFlare.Packages\AstroFlare.Packages.csproj", "{06CC0585-1B67-4C45-8FE2-6D36044F442D}"
EndProject
Project("{FAE04EC0-301F-11D3-BF4B-00C04F79EFBC}") = "AstroFlare.Tests.Imports", "AstroFlare.Tests.Imports\AstroFlare.Tests.Imports.csproj", "{14D03F61-AF98-4C3C-A65F-53E944B7D5C8}"
EndProject
Project("{FAE04EC0-301F-11D3-BF4B-00C04F79EFBC}") = "AstroFlare.Exeptions", "AstroFlare.Exeptions\AstroFlare.Exeptions.csproj", "{D02B1124-E35C-4F3A-A42A-83E006E108DD}"
EndProject
Project("{FAE04EC0-301F-11D3-BF4B-00C04F79EFBC}") = "AstroFlare.Tests", "AstroFlare.Tests\AstroFlare.Tests.csproj", "{C1447B9F-2ECC-431C-800C-928D955EC449}"
EndProject
Global
	GlobalSection(SolutionConfigurationPlatforms) = preSolution
		Debug|Any CPU = Debug|Any CPU
		Release|Any CPU = Release|Any CPU
	EndGlobalSection
	GlobalSection(ProjectConfigurationPlatforms) = postSolution
		{5C95AB78-76F2-4DDB-AEAB-E34B1826AEE5}.Debug|Any CPU.ActiveCfg = Debug|Any CPU
		{5C95AB78-76F2-4DDB-AEAB-E34B1826AEE5}.Debug|Any CPU.Build.0 = Debug|Any CPU
		{5C95AB78-76F2-4DDB-AEAB-E34B1826AEE5}.Release|Any CPU.ActiveCfg = Release|Any CPU
		{5C95AB78-76F2-4DDB-AEAB-E34B1826AEE5}.Release|Any CPU.Build.0 = Release|Any CPU
		{86EA2C70-63C1-49C9-A313-55024933D7C3}.Debug|Any CPU.ActiveCfg = Debug|Any CPU
		{86EA2C70-63C1-49C9-A313-55024933D7C3}.Debug|Any CPU.Build.0 = Debug|Any CPU
		{86EA2C70-63C1-49C9-A313-55024933D7C3}.Release|Any CPU.ActiveCfg = Release|Any CPU
		{86EA2C70-63C1-49C9-A313-55024933D7C3}.Release|Any CPU.Build.0 = Release|Any CPU
		{AD816A9E-90D6-49D4-942B-9B487C4B9422}.Debug|Any CPU.ActiveCfg = Debug|Any CPU
		{AD816A9E-90D6-49D4-942B-9B487C4B9422}.Debug|Any CPU.Build.0 = Debug|Any CPU
		{AD816A9E-90D6-49D4-942B-9B487C4B9422}.Release|Any CPU.ActiveCfg = Release|Any CPU
		{AD816A9E-90D6-49D4-942B-9B487C4B9422}.Release|Any CPU.Build.0 = Release|Any CPU
		{B25EA776-5A4C-4173-B2EA-D047AA90170C}.Debug|Any CPU.ActiveCfg = Debug|Any CPU
		{B25EA776-5A4C-4173-B2EA-D047AA90170C}.Debug|Any CPU.Build.0 = Debug|Any CPU
		{B25EA776-5A4C-4173-B2EA-D047AA90170C}.Release|Any CPU.ActiveCfg = Release|Any CPU
		{B25EA776-5A4C-4173-B2EA-D047AA90170C}.Release|Any CPU.Build.0 = Release|Any CPU
		{1C220A18-5ADE-4C42-A318-261F58D156CB}.Debug|Any CPU.ActiveCfg = Debug|Any CPU
		{1C220A18-5ADE-4C42-A318-261F58D156CB}.Debug|Any CPU.Build.0 = Debug|Any CPU
		{1C220A18-5ADE-4C42-A318-261F58D156CB}.Release|Any CPU.ActiveCfg = Release|Any CPU
		{1C220A18-5ADE-4C42-A318-261F58D156CB}.Release|Any CPU.Build.0 = Release|Any CPU
		{87CC9E15-7A69-4E06-A0DA-BCB398DBAFE5}.Debug|Any CPU.ActiveCfg = Debug|Any CPU
		{87CC9E15-7A69-4E06-A0DA-BCB398DBAFE5}.Debug|Any CPU.Build.0 = Debug|Any CPU
		{87CC9E15-7A69-4E06-A0DA-BCB398DBAFE5}.Release|Any CPU.ActiveCfg = Release|Any CPU
		{87CC9E15-7A69-4E06-A0DA-BCB398DBAFE5}.Release|Any CPU.Build.0 = Release|Any CPU
		{2216AC39-ADF0-4224-A020-A27703B04077}.Debug|Any CPU.ActiveCfg = Debug|Any CPU
		{2216AC39-ADF0-4224-A020-A27703B04077}.Debug|Any CPU.Build.0 = Debug|Any CPU
		{2216AC39-ADF0-4224-A020-A27703B04077}.Release|Any CPU.ActiveCfg = Release|Any CPU
		{2216AC39-ADF0-4224-A020-A27703B04077}.Release|Any CPU.Build.0 = Release|Any CPU
		{99B8E08D-3940-40B4-8325-C1D8FE8F79EE}.Debug|Any CPU.ActiveCfg = Debug|Any CPU
		{99B8E08D-3940-40B4-8325-C1D8FE8F79EE}.Debug|Any CPU.Build.0 = Debug|Any CPU
		{99B8E08D-3940-40B4-8325-C1D8FE8F79EE}.Release|Any CPU.ActiveCfg = Release|Any CPU
		{99B8E08D-3940-40B4-8325-C1D8FE8F79EE}.Release|Any CPU.Build.0 = Release|Any CPU
		{06CC0585-1B67-4C45-8FE2-6D36044F442D}.Debug|Any CPU.ActiveCfg = Debug|Any CPU
		{06CC0585-1B67-4C45-8FE2-6D36044F442D}.Debug|Any CPU.Build.0 = Debug|Any CPU
		{06CC0585-1B67-4C45-8FE2-6D36044F442D}.Release|Any CPU.ActiveCfg = Release|Any CPU
		{06CC0585-1B67-4C45-8FE2-6D36044F442D}.Release|Any CPU.Build.0 = Release|Any CPU
		{14D03F61-AF98-4C3C-A65F-53E944B7D5C8}.Debug|Any CPU.ActiveCfg = Debug|Any CPU
		{14D03F61-AF98-4C3C-A65F-53E944B7D5C8}.Debug|Any CPU.Build.0 = Debug|Any CPU
		{14D03F61-AF98-4C3C-A65F-53E944B7D5C8}.Release|Any CPU.ActiveCfg = Release|Any CPU
		{14D03F61-AF98-4C3C-A65F-53E944B7D5C8}.Release|Any CPU.Build.0 = Release|Any CPU
		{D02B1124-E35C-4F3A-A42A-83E006E108DD}.Debug|Any CPU.ActiveCfg = Debug|Any CPU
		{D02B1124-E35C-4F3A-A42A-83E006E108DD}.Debug|Any CPU.Build.0 = Debug|Any CPU
		{D02B1124-E35C-4F3A-A42A-83E006E108DD}.Release|Any CPU.ActiveCfg = Release|Any CPU
		{D02B1124-E35C-4F3A-A42A-83E006E108DD}.Release|Any CPU.Build.0 = Release|Any CPU
		{C1447B9F-2ECC-431C-800C-928D955EC449}.Debug|Any CPU.ActiveCfg = Debug|Any CPU
		{C1447B9F-2ECC-431C-800C-928D955EC449}.Debug|Any CPU.Build.0 = Debug|Any CPU
		{C1447B9F-2ECC-431C-800C-928D955EC449}.Release|Any CPU.ActiveCfg = Release|Any CPU
		{C1447B9F-2ECC-431C-800C-928D955EC449}.Release|Any CPU.Build.0 = Release|Any CPU
	EndGlobalSection
	GlobalSection(SolutionProperties) = preSolution
		HideSolutionNode = FALSE
	EndGlobalSection
	GlobalSection(ExtensibilityGlobals) = postSolution
		SolutionGuid = {C32F78C8-F720-41EA-A297-96DB67D49757}
	EndGlobalSection
EndGlobal
