
Microsoft Visual Studio Solution File, Format Version 12.00
# Visual Studio Version 17
VisualStudioVersion = 17.0.31912.275
MinimumVisualStudioVersion = 10.0.40219.1
Project("{9A19103F-16F7-4668-BE54-9A1E7A4F7556}") = "AstroFlare", "AstroFlare\AstroFlare.csproj", "{E69F0B44-A958-42EC-9483-850B3AD9F345}"
EndProject
Project("{9A19103F-16F7-4668-BE54-9A1E7A4F7556}") = "AstroFlare.Runtime", "AstroFlare.Runtime\AstroFlare.Runtime.csproj", "{B656DB2C-B6EB-4499-97AD-AB1C42CDA9E3}"
EndProject
Project("{9A19103F-16F7-4668-BE54-9A1E7A4F7556}") = "AstroFlare.Build", "AstroFlare.Build\AstroFlare.Build.csproj", "{2160A6B8-5D6D-44DA-9362-0EADA28F2D51}"
EndProject
Project("{9A19103F-16F7-4668-BE54-9A1E7A4F7556}") = "Flare", "Flare\Flare.csproj", "{96DE10DB-6F56-4BD7-801F-CCEFA83ACE07}"
EndProject
Project("{FAE04EC0-301F-11D3-BF4B-00C04F79EFBC}") = "AstroFlare.Tests", "AstroFlare.Tests\AstroFlare.Tests.csproj", "{E6EAA0F4-D4B9-4832-A5E7-B6947EC674FC}"
EndProject
Global
	GlobalSection(SolutionConfigurationPlatforms) = preSolution
		Debug|Any CPU = Debug|Any CPU
		Release|Any CPU = Release|Any CPU
	EndGlobalSection
	GlobalSection(ProjectConfigurationPlatforms) = postSolution
		{E69F0B44-A958-42EC-9483-850B3AD9F345}.Debug|Any CPU.ActiveCfg = Debug|Any CPU
		{E69F0B44-A958-42EC-9483-850B3AD9F345}.Debug|Any CPU.Build.0 = Debug|Any CPU
		{E69F0B44-A958-42EC-9483-850B3AD9F345}.Release|Any CPU.ActiveCfg = Release|Any CPU
		{E69F0B44-A958-42EC-9483-850B3AD9F345}.Release|Any CPU.Build.0 = Release|Any CPU
		{B656DB2C-B6EB-4499-97AD-AB1C42CDA9E3}.Debug|Any CPU.ActiveCfg = Debug|Any CPU
		{B656DB2C-B6EB-4499-97AD-AB1C42CDA9E3}.Debug|Any CPU.Build.0 = Debug|Any CPU
		{B656DB2C-B6EB-4499-97AD-AB1C42CDA9E3}.Release|Any CPU.ActiveCfg = Release|Any CPU
		{B656DB2C-B6EB-4499-97AD-AB1C42CDA9E3}.Release|Any CPU.Build.0 = Release|Any CPU
		{2160A6B8-5D6D-44DA-9362-0EADA28F2D51}.Debug|Any CPU.ActiveCfg = Debug|Any CPU
		{2160A6B8-5D6D-44DA-9362-0EADA28F2D51}.Debug|Any CPU.Build.0 = Debug|Any CPU
		{2160A6B8-5D6D-44DA-9362-0EADA28F2D51}.Release|Any CPU.ActiveCfg = Release|Any CPU
		{2160A6B8-5D6D-44DA-9362-0EADA28F2D51}.Release|Any CPU.Build.0 = Release|Any CPU
		{96DE10DB-6F56-4BD7-801F-CCEFA83ACE07}.Debug|Any CPU.ActiveCfg = Debug|Any CPU
		{96DE10DB-6F56-4BD7-801F-CCEFA83ACE07}.Debug|Any CPU.Build.0 = Debug|Any CPU
		{96DE10DB-6F56-4BD7-801F-CCEFA83ACE07}.Release|Any CPU.ActiveCfg = Release|Any CPU
		{96DE10DB-6F56-4BD7-801F-CCEFA83ACE07}.Release|Any CPU.Build.0 = Release|Any CPU
		{E6EAA0F4-D4B9-4832-A5E7-B6947EC674FC}.Debug|Any CPU.ActiveCfg = Debug|Any CPU
		{E6EAA0F4-D4B9-4832-A5E7-B6947EC674FC}.Debug|Any CPU.Build.0 = Debug|Any CPU
		{E6EAA0F4-D4B9-4832-A5E7-B6947EC674FC}.Release|Any CPU.ActiveCfg = Release|Any CPU
		{E6EAA0F4-D4B9-4832-A5E7-B6947EC674FC}.Release|Any CPU.Build.0 = Release|Any CPU
	EndGlobalSection
	GlobalSection(SolutionProperties) = preSolution
		HideSolutionNode = FALSE
	EndGlobalSection
	GlobalSection(ExtensibilityGlobals) = postSolution
		SolutionGuid = {0D0E9C24-E344-41D7-A2A8-DD79BA1B0EB2}
	EndGlobalSection
EndGlobal
